
Microsoft Visual Studio Solution File, Format Version 12.00
# Visual Studio 15
VisualStudioVersion = 15.0.28307.106
MinimumVisualStudioVersion = 10.0.40219.1
Project("{FAE04EC0-301F-11D3-BF4B-00C04F79EFBC}") = "PsawSharp", "PsawSharp\PsawSharp.csproj", "{37B41D9B-8C91-450C-A70D-32C8A41E537F}"
EndProject
Project("{FAE04EC0-301F-11D3-BF4B-00C04F79EFBC}") = "PsawSharp.Tests", "PsawSharp.Tests\PsawSharp.Tests.csproj", "{62AA2E2C-2945-4BA9-AC9D-9F4CE50DD1A6}"
EndProject
Global
	GlobalSection(SolutionConfigurationPlatforms) = preSolution
		Debug|Any CPU = Debug|Any CPU
		Release|Any CPU = Release|Any CPU
	EndGlobalSection
	GlobalSection(ProjectConfigurationPlatforms) = postSolution
		{37B41D9B-8C91-450C-A70D-32C8A41E537F}.Debug|Any CPU.ActiveCfg = Debug|Any CPU
		{37B41D9B-8C91-450C-A70D-32C8A41E537F}.Debug|Any CPU.Build.0 = Debug|Any CPU
		{37B41D9B-8C91-450C-A70D-32C8A41E537F}.Release|Any CPU.ActiveCfg = Release|Any CPU
		{37B41D9B-8C91-450C-A70D-32C8A41E537F}.Release|Any CPU.Build.0 = Release|Any CPU
		{62AA2E2C-2945-4BA9-AC9D-9F4CE50DD1A6}.Debug|Any CPU.ActiveCfg = Debug|Any CPU
		{62AA2E2C-2945-4BA9-AC9D-9F4CE50DD1A6}.Debug|Any CPU.Build.0 = Debug|Any CPU
		{62AA2E2C-2945-4BA9-AC9D-9F4CE50DD1A6}.Release|Any CPU.ActiveCfg = Release|Any CPU
		{62AA2E2C-2945-4BA9-AC9D-9F4CE50DD1A6}.Release|Any CPU.Build.0 = Release|Any CPU
	EndGlobalSection
	GlobalSection(SolutionProperties) = preSolution
		HideSolutionNode = FALSE
	EndGlobalSection
	GlobalSection(ExtensibilityGlobals) = postSolution
		SolutionGuid = {AFB61396-6A9D-44E5-87F5-1F535B040B7D}
	EndGlobalSection
EndGlobal
